// !$*UTF8*$!
{
	archiveVersion = 1;
	classes = {
	};
	objectVersion = 46;
	objects = {

/* Begin PBXBuildFile section */
		FFF29B5F1D2DF5E600D8053C /* AppDelegate.swift in Sources */ = {isa = PBXBuildFile; fileRef = FFF29B5E1D2DF5E600D8053C /* AppDelegate.swift */; };
		FFF29B611D2DF5E600D8053C /* ViewController.swift in Sources */ = {isa = PBXBuildFile; fileRef = FFF29B601D2DF5E600D8053C /* ViewController.swift */; };
		FFF29B641D2DF5E600D8053C /* Main.storyboard in Resources */ = {isa = PBXBuildFile; fileRef = FFF29B621D2DF5E600D8053C /* Main.storyboard */; };
		FFF29B661D2DF5E600D8053C /* Assets.xcassets in Resources */ = {isa = PBXBuildFile; fileRef = FFF29B651D2DF5E600D8053C /* Assets.xcassets */; };
		FFF29B691D2DF5E600D8053C /* LaunchScreen.storyboard in Resources */ = {isa = PBXBuildFile; fileRef = FFF29B671D2DF5E600D8053C /* LaunchScreen.storyboard */; };
/* End PBXBuildFile section */

/* Begin PBXFileReference section */
		FFF29B5B1D2DF5E600D8053C /* iLoveU.app */ = {isa = PBXFileReference; explicitFileType = wrapper.application; includeInIndex = 0; path = iLoveU.app; sourceTree = BUILT_PRODUCTS_DIR; };
		FFF29B5E1D2DF5E600D8053C /* AppDelegate.swift */ = {isa = PBXFileReference; lastKnownFileType = sourcecode.swift; path = AppDelegate.swift; sourceTree = "<group>"; };
		FFF29B601D2DF5E600D8053C /* ViewController.swift */ = {isa = PBXFileReference; lastKnownFileType = sourcecode.swift; path = ViewController.swift; sourceTree = "<group>"; };
		FFF29B631D2DF5E600D8053C /* Base */ = {isa = PBXFileReference; lastKnownFileType = file.storyboard; name = Base; path = Base.lproj/Main.storyboard; sourceTree = "<group>"; };
		FFF29B651D2DF5E600D8053C /* Assets.xcassets */ = {isa = PBXFileReference; lastKnownFileType = folder.assetcatalog; path = Assets.xcassets; sourceTree = "<group>"; };
		FFF29B681D2DF5E600D8053C /* Base */ = {isa = PBXFileReference; lastKnownFileType = file.storyboard; name = Base; path = Base.lproj/LaunchScreen.storyboard; sourceTree = "<group>"; };
		FFF29B6A1D2DF5E600D8053C /* Info.plist */ = {isa = PBXFileReference; lastKnownFileType = text.plist.xml; path = Info.plist; sourceTree = "<group>"; };
/* End PBXFileReference section */

/* Begin PBXFrameworksBuildPhase section */
		FFF29B581D2DF5E600D8053C /* Frameworks */ = {
			isa = PBXFrameworksBuildPhase;
			buildActionMask = 2147483647;
			files = (
			);
			runOnlyForDeploymentPostprocessing = 0;
		};
/* End PBXFrameworksBuildPhase section */

/* Begin PBXGroup section */
		FFF29B521D2DF5E600D8053C = {
			isa = PBXGroup;
			children = (
				FFF29B5D1D2DF5E600D8053C /* iLoveU */,
				FFF29B5C1D2DF5E600D8053C /* Products */,
			);
			sourceTree = "<group>";
		};
		FFF29B5C1D2DF5E600D8053C /* Products */ = {
			isa = PBXGroup;
			children = (
				FFF29B5B1D2DF5E600D8053C /* iLoveU.app */,
			);
			name = Products;
			sourceTree = "<group>";
		};
		FFF29B5D1D2DF5E600D8053C /* iLoveU */ = {
			isa = PBXGroup;
			children = (
				FFF29B621D2DF5E600D8053C /* Main.storyboard */,
				FFF29B5E1D2DF5E600D8053C /* AppDelegate.swift */,
				FFF29B601D2DF5E600D8053C /* ViewController.swift */,
				FFF29B651D2DF5E600D8053C /* Assets.xcassets */,
				FFF29B671D2DF5E600D8053C /* LaunchScreen.storyboard */,
				FFF29B6A1D2DF5E600D8053C /* Info.plist */,
			);
			path = iLoveU;
			sourceTree = "<group>";
		};
/* End PBXGroup section */

/* Begin PBXNativeTarget section */
		FFF29B5A1D2DF5E600D8053C /* iLoveU */ = {
			isa = PBXNativeTarget;
			buildConfigurationList = FFF29B6D1D2DF5E600D8053C /* Build configuration list for PBXNativeTarget "iLoveU" */;
			buildPhases = (
				FFF29B571D2DF5E600D8053C /* Sources */,
				FFF29B581D2DF5E600D8053C /* Frameworks */,
				FFF29B591D2DF5E600D8053C /* Resources */,
			);
			buildRules = (
			);
			dependencies = (
			);
			name = iLoveU;
			productName = iLoveU;
			productReference = FFF29B5B1D2DF5E600D8053C /* iLoveU.app */;
			productType = "com.apple.product-type.application";
		};
/* End PBXNativeTarget section */

/* Begin PBXProject section */
		FFF29B531D2DF5E600D8053C /* Project object */ = {
			isa = PBXProject;
			attributes = {
				LastSwiftUpdateCheck = 0730;
				LastUpgradeCheck = 0730;
				ORGANIZATIONNAME = "David Park";
				TargetAttributes = {
					FFF29B5A1D2DF5E600D8053C = {
						CreatedOnToolsVersion = 7.3.1;
						DevelopmentTeam = C7U2ZE2237;
					};
				};
			};
			buildConfigurationList = FFF29B561D2DF5E600D8053C /* Build configuration list for PBXProject "iLoveU" */;
			compatibilityVersion = "Xcode 3.2";
			developmentRegion = English;
			hasScannedForEncodings = 0;
			knownRegions = (
				en,
				Base,
			);
			mainGroup = FFF29B521D2DF5E600D8053C;
			productRefGroup = FFF29B5C1D2DF5E600D8053C /* Products */;
			projectDirPath = "";
			projectRoot = "";
			targets = (
				FFF29B5A1D2DF5E600D8053C /* iLoveU */,
			);
		};
/* End PBXProject section */

/* Begin PBXResourcesBuildPhase section */
		FFF29B591D2DF5E600D8053C /* Resources */ = {
			isa = PBXResourcesBuildPhase;
			buildActionMask = 2147483647;
			files = (
				FFF29B691D2DF5E600D8053C /* LaunchScreen.storyboard in Resources */,
				FFF29B661D2DF5E600D8053C /* Assets.xcassets in Resources */,
				FFF29B641D2DF5E600D8053C /* Main.storyboard in Resources */,
			);
			runOnlyForDeploymentPostprocessing = 0;
		};
/* End PBXResourcesBuildPhase section */

/* Begin PBXSourcesBuildPhase section */
		FFF29B571D2DF5E600D8053C /* Sources */ = {
			isa = PBXSourcesBuildPhase;
			buildActionMask = 2147483647;
			files = (
				FFF29B611D2DF5E600D8053C /* ViewController.swift in Sources */,
				FFF29B5F1D2DF5E600D8053C /* AppDelegate.swift in Sources */,
			);
			runOnlyForDeploymentPostprocessing = 0;
		};
/* End PBXSourcesBuildPhase section */

/* Begin PBXVariantGroup section */
		FFF29B621D2DF5E600D8053C /* Main.storyboard */ = {
			isa = PBXVariantGroup;
			children = (
				FFF29B631D2DF5E600D8053C /* Base */,
			);
			name = Main.storyboard;
			sourceTree = "<group>";
		};
		FFF29B671D2DF5E600D8053C /* LaunchScreen.storyboard */ = {
			isa = PBXVariantGroup;
			children = (
				FFF29B681D2DF5E600D8053C /* Base */,
			);
			name = LaunchScreen.storyboard;
			sourceTree = "<group>";
		};
/* End PBXVariantGroup section */

/* Begin XCBuildConfiguration section */
		FFF29B6B1D2DF5E600D8053C /* Debug */ = {
			isa = XCBuildConfiguration;
			buildSettings = {
				ALWAYS_SEARCH_USER_PATHS = NO;
				CLANG_ANALYZER_NONNULL = YES;
				CLANG_CXX_LANGUAGE_STANDARD = "gnu++0x";
				CLANG_CXX_LIBRARY = "libc++";
				CLANG_ENABLE_MODULES = YES;
				CLANG_ENABLE_OBJC_ARC = YES;
				CLANG_WARN_BOOL_CONVERSION = YES;
				CLANG_WARN_CONSTANT_CONVERSION = YES;
				CLANG_WARN_DIRECT_OBJC_ISA_USAGE = YES_ERROR;
				CLANG_WARN_EMPTY_BODY = YES;
				CLANG_WARN_ENUM_CONVERSION = YES;
				CLANG_WARN_INT_CONVERSION = YES;
				CLANG_WARN_OBJC_ROOT_CLASS = YES_ERROR;
				CLANG_WARN_UNREACHABLE_CODE = YES;
				CLANG_WARN__DUPLICATE_METHOD_MATCH = YES;
				"CODE_SIGN_IDENTITY[sdk=iphoneos*]" = "iPhone Developer";
				COPY_PHASE_STRIP = NO;
				DEBUG_INFORMATION_FORMAT = dwarf;
				ENABLE_STRICT_OBJC_MSGSEND = YES;
				ENABLE_TESTABILITY = YES;
				GCC_C_LANGUAGE_STANDARD = gnu99;
				GCC_DYNAMIC_NO_PIC = NO;
				GCC_NO_COMMON_BLOCKS = YES;
				GCC_OPTIMIZATION_LEVEL = 0;
				GCC_PREPROCESSOR_DEFINITIONS = (
					"DEBUG=1",
					"$(inherited)",
				);
				GCC_WARN_64_TO_32_BIT_CONVERSION = YES;
				GCC_WARN_ABOUT_RETURN_TYPE = YES_ERROR;
				GCC_WARN_UNDECLARED_SELECTOR = YES;
				GCC_WARN_UNINITIALIZED_AUTOS = YES_AGGRESSIVE;
				GCC_WARN_UNUSED_FUNCTION = YES;
				GCC_WARN_UNUSED_VARIABLE = YES;
				IPHONEOS_DEPLOYMENT_TARGET = 9.3;
				MTL_ENABLE_DEBUG_INFO = YES;
				ONLY_ACTIVE_ARCH = YES;
				SDKROOT = iphoneos;
				SWIFT_OPTIMIZATION_LEVEL = "-Onone";
				TARGETED_DEVICE_FAMILY = "1,2";
			};
			name = Debug;
		};
		FFF29B6C1D2DF5E600D8053C /* Release */ = {
			isa = XCBuildConfiguration;
			buildSettings = {
				ALWAYS_SEARCH_USER_PATHS = NO;
				CLANG_ANALYZER_NONNULL = YES;
				CLANG_CXX_LANGUAGE_STANDARD = "gnu++0x";
				CLANG_CXX_LIBRARY = "libc++";
				CLANG_ENABLE_MODULES = YES;
				CLANG_ENABLE_OBJC_ARC = YES;
				CLANG_WARN_BOOL_CONVERSION = YES;
				CLANG_WARN_CONSTANT_CONVERSION = YES;
				CLANG_WARN_DIRECT_OBJC_ISA_USAGE = YES_ERROR;
				CLANG_WARN_EMPTY_BODY = YES;
				CLANG_WARN_ENUM_CONVERSION = YES;
				CLANG_WARN_INT_CONVERSION = YES;
				CLANG_WARN_OBJC_ROOT_CLASS = YES_ERROR;
				CLANG_WARN_UNREACHABLE_CODE = YES;
				CLANG_WARN__DUPLICATE_METHOD_MATCH = YES;
				"CODE_SIGN_IDENTITY[sdk=iphoneos*]" = "iPhone Developer";
				COPY_PHASE_STRIP = NO;
				DEBUG_INFORMATION_FORMAT = "dwarf-with-dsym";
				ENABLE_NS_ASSERTIONS = NO;
				ENABLE_STRICT_OBJC_MSGSEND = YES;
				GCC_C_LANGUAGE_STANDARD = gnu99;
				GCC_NO_COMMON_BLOCKS = YES;
				GCC_WARN_64_TO_32_BIT_CONVERSION = YES;
				GCC_WARN_ABOUT_RETURN_TYPE = YES_ERROR;
				GCC_WARN_UNDECLARED_SELECTOR = YES;
				GCC_WARN_UNINITIALIZED_AUTOS = YES_AGGRESSIVE;
				GCC_WARN_UNUSED_FUNCTION = YES;
				GCC_WARN_UNUSED_VARIABLE = YES;
				IPHONEOS_DEPLOYMENT_TARGET = 9.3;
				MTL_ENABLE_DEBUG_INFO = NO;
				SDKROOT = iphoneos;
				TARGETED_DEVICE_FAMILY = "1,2";
				VALIDATE_PRODUCT = YES;
			};
			name = Release;
		};
		FFF29B6E1D2DF5E600D8053C /* Debug */ = {
			isa = XCBuildConfiguration;
			buildSettings = {
				ASSETCATALOG_COMPILER_APPICON_NAME = AppIcon;
				INFOPLIST_FILE = iLoveU/Info.plist;
				LD_RUNPATH_SEARCH_PATHS = "$(inherited) @executable_path/Frameworks";
				PRODUCT_BUNDLE_IDENTIFIER = DavidVY.iLoveU;
				PRODUCT_NAME = "$(TARGET_NAME)";
			};
			name = Debug;
		};
		FFF29B6F1D2DF5E600D8053C /* Release */ = {
			isa = XCBuildConfiguration;
			buildSettings = {
				ASSETCATALOG_COMPILER_APPICON_NAME = AppIcon;
				INFOPLIST_FILE = iLoveU/Info.plist;
				LD_RUNPATH_SEARCH_PATHS = "$(inherited) @executable_path/Frameworks";
				PRODUCT_BUNDLE_IDENTIFIER = DavidVY.iLoveU;
				PRODUCT_NAME = "$(TARGET_NAME)";
			};
			name = Release;
		};
/* End XCBuildConfiguration section */

/* Begin XCConfigurationList section */
		FFF29B561D2DF5E600D8053C /* Build configuration list for PBXProject "iLoveU" */ = {
			isa = XCConfigurationList;
			buildConfigurations = (
				FFF29B6B1D2DF5E600D8053C /* Debug */,
				FFF29B6C1D2DF5E600D8053C /* Release */,
			);
			defaultConfigurationIsVisible = 0;
			defaultConfigurationName = Release;
		};
		FFF29B6D1D2DF5E600D8053C /* Build configuration list for PBXNativeTarget "iLoveU" */ = {
			isa = XCConfigurationList;
			buildConfigurations = (
				FFF29B6E1D2DF5E600D8053C /* Debug */,
				FFF29B6F1D2DF5E600D8053C /* Release */,
			);
			defaultConfigurationIsVisible = 0;
			defaultConfigurationName = Release;
		};
/* End XCConfigurationList section */
	};
	rootObject = FFF29B531D2DF5E600D8053C /* Project object */;
}
